{
  "name": "agent-opencodex",
  "version": "0.1.0",
  "lockfileVersion": 3,
  "requires": true,
  "packages": {
    "": {
      "name": "agent-opencodex",
      "version": "0.1.0",
      "license": "MIT",
      "bin": {
        "agent-opencodex": "bin/aocx.mjs",
        "aocx": "bin/aocx.mjs"
      },
      "engines": {
        "node": ">=20.11"
      }
    }
  }
}
